
Microsoft Visual Studio Solution File, Format Version 10.00
# Visual Studio 2008
Project("{FAE04EC0-301F-11D3-BF4B-00C04F79EFBC}") = "UnitTests", "UnitTests\UnitTests.csproj", "{A35226D3-3CBB-40A5-BC2F-ED3B04E93FE9}"
EndProject
Project("{FAE04EC0-301F-11D3-BF4B-00C04F79EFBC}") = "EventSourcing", "EventSourcing\EventSourcing.csproj", "{61FEA69B-DD76-4C7B-ABE8-ADE009B65EBD}"
EndProject
Global
	GlobalSection(SolutionConfigurationPlatforms) = preSolution
		Debug|Any CPU = Debug|Any CPU
		Release|Any CPU = Release|Any CPU
	EndGlobalSection
	GlobalSection(ProjectConfigurationPlatforms) = postSolution
		{A35226D3-3CBB-40A5-BC2F-ED3B04E93FE9}.Debug|Any CPU.ActiveCfg = Debug|Any CPU
		{A35226D3-3CBB-40A5-BC2F-ED3B04E93FE9}.Debug|Any CPU.Build.0 = Debug|Any CPU
		{A35226D3-3CBB-40A5-BC2F-ED3B04E93FE9}.Release|Any CPU.ActiveCfg = Release|Any CPU
		{A35226D3-3CBB-40A5-BC2F-ED3B04E93FE9}.Release|Any CPU.Build.0 = Release|Any CPU
		{61FEA69B-DD76-4C7B-ABE8-ADE009B65EBD}.Debug|Any CPU.ActiveCfg = Debug|Any CPU
		{61FEA69B-DD76-4C7B-ABE8-ADE009B65EBD}.Debug|Any CPU.Build.0 = Debug|Any CPU
		{61FEA69B-DD76-4C7B-ABE8-ADE009B65EBD}.Release|Any CPU.ActiveCfg = Release|Any CPU
		{61FEA69B-DD76-4C7B-ABE8-ADE009B65EBD}.Release|Any CPU.Build.0 = Release|Any CPU
	EndGlobalSection
	GlobalSection(SolutionProperties) = preSolution
		HideSolutionNode = FALSE
	EndGlobalSection
EndGlobal
